// !$*UTF8*$!
{
	archiveVersion = 1;
	classes = {
	};
	objectVersion = 46;
	objects = {

/* Begin PBXBuildFile section */
		96FE2DFB19ABEB6B0017982B /* Foundation.framework in Frameworks */ = {isa = PBXBuildFile; fileRef = 96FE2DFA19ABEB6B0017982B /* Foundation.framework */; };
		96FE2DFE19ABEB6B0017982B /* Touch-Prefix.pch in Headers */ = {isa = PBXBuildFile; fileRef = 96FE2DFD19ABEB6B0017982B /* Touch-Prefix.pch */; };
		96FE2E0019ABEB6B0017982B /* Touch.h in Headers */ = {isa = PBXBuildFile; fileRef = 96FE2DFF19ABEB6B0017982B /* Touch.h */; };
		96FE2E0219ABEB6B0017982B /* Touch.m in Sources */ = {isa = PBXBuildFile; fileRef = 96FE2E0119ABEB6B0017982B /* Touch.m */; };
/* End PBXBuildFile section */

/* Begin PBXFileReference section */
		9695D8A219ABF23C005E62FC /* Touch-iOS-Prefix.pch */ = {isa = PBXFileReference; lastKnownFileType = sourcecode.c.h; path = "Touch-iOS-Prefix.pch"; sourceTree = "<group>"; };
		9695D8A419ABF23C005E62FC /* Touch_iOS.h */ = {isa = PBXFileReference; lastKnownFileType = sourcecode.c.h; path = Touch_iOS.h; sourceTree = "<group>"; };
		9695D8A619ABF23C005E62FC /* Touch_iOS.m */ = {isa = PBXFileReference; lastKnownFileType = sourcecode.c.objc; path = Touch_iOS.m; sourceTree = "<group>"; };
		9695D8AF19ABF23C005E62FC /* Info.plist */ = {isa = PBXFileReference; lastKnownFileType = text.plist.xml; path = Info.plist; sourceTree = "<group>"; };
		96FE2DF719ABEB6B0017982B /* libTouch.a */ = {isa = PBXFileReference; explicitFileType = archive.ar; includeInIndex = 0; path = libTouch.a; sourceTree = BUILT_PRODUCTS_DIR; };
		96FE2DFA19ABEB6B0017982B /* Foundation.framework */ = {isa = PBXFileReference; lastKnownFileType = wrapper.framework; name = Foundation.framework; path = /System/Library/Frameworks/Foundation.framework; sourceTree = "<absolute>"; };
		96FE2DFD19ABEB6B0017982B /* Touch-Prefix.pch */ = {isa = PBXFileReference; lastKnownFileType = sourcecode.c.h; path = "Touch-Prefix.pch"; sourceTree = "<group>"; };
		96FE2DFF19ABEB6B0017982B /* Touch.h */ = {isa = PBXFileReference; lastKnownFileType = sourcecode.c.h; path = Touch.h; sourceTree = "<group>"; };
		96FE2E0119ABEB6B0017982B /* Touch.m */ = {isa = PBXFileReference; lastKnownFileType = sourcecode.c.objc; path = Touch.m; sourceTree = "<group>"; };
		96FE2E0719ABEB6B0017982B /* TouchTests.xctest */ = {isa = PBXFileReference; explicitFileType = wrapper.cfbundle; includeInIndex = 0; path = TouchTests.xctest; sourceTree = BUILT_PRODUCTS_DIR; };
		96FE2E0A19ABEB6B0017982B /* Info.plist */ = {isa = PBXFileReference; lastKnownFileType = text.plist.xml; path = Info.plist; sourceTree = "<group>"; };
/* End PBXFileReference section */

/* Begin PBXFrameworksBuildPhase section */
		96FE2DF319ABEB6B0017982B /* Frameworks */ = {
			isa = PBXFrameworksBuildPhase;
			buildActionMask = 2147483647;
			files = (
				96FE2DFB19ABEB6B0017982B /* Foundation.framework in Frameworks */,
			);
			runOnlyForDeploymentPostprocessing = 0;
		};
		96FE2E0419ABEB6B0017982B /* Frameworks */ = {
			isa = PBXFrameworksBuildPhase;
			buildActionMask = 2147483647;
			files = (
			);
			runOnlyForDeploymentPostprocessing = 0;
		};
/* End PBXFrameworksBuildPhase section */

/* Begin PBXGroup section */
		9695D8A119ABF23C005E62FC /* Touch-iOS */ = {
			isa = PBXGroup;
			children = (
				9695D8A219ABF23C005E62FC /* Touch-iOS-Prefix.pch */,
				9695D8A419ABF23C005E62FC /* Touch_iOS.h */,
				9695D8A619ABF23C005E62FC /* Touch_iOS.m */,
			);
			path = "Touch-iOS";
			sourceTree = "<group>";
		};
		9695D8AD19ABF23C005E62FC /* Touch-iOSTests */ = {
			isa = PBXGroup;
			children = (
				9695D8AE19ABF23C005E62FC /* Supporting Files */,
			);
			path = "Touch-iOSTests";
			sourceTree = "<group>";
		};
		9695D8AE19ABF23C005E62FC /* Supporting Files */ = {
			isa = PBXGroup;
			children = (
				9695D8AF19ABF23C005E62FC /* Info.plist */,
			);
			name = "Supporting Files";
			sourceTree = "<group>";
		};
		96FE2DEC19ABEB6B0017982B = {
			isa = PBXGroup;
			children = (
				96FE2DFC19ABEB6B0017982B /* Touch */,
				96FE2E0819ABEB6B0017982B /* TouchTests */,
				9695D8A119ABF23C005E62FC /* Touch-iOS */,
				9695D8AD19ABF23C005E62FC /* Touch-iOSTests */,
				96FE2DF919ABEB6B0017982B /* Frameworks */,
				96FE2DF819ABEB6B0017982B /* Products */,
			);
			sourceTree = "<group>";
		};
		96FE2DF819ABEB6B0017982B /* Products */ = {
			isa = PBXGroup;
			children = (
				96FE2DF719ABEB6B0017982B /* libTouch.a */,
				96FE2E0719ABEB6B0017982B /* TouchTests.xctest */,
			);
			name = Products;
			sourceTree = "<group>";
		};
		96FE2DF919ABEB6B0017982B /* Frameworks */ = {
			isa = PBXGroup;
			children = (
				96FE2DFA19ABEB6B0017982B /* Foundation.framework */,
			);
			name = Frameworks;
			sourceTree = "<group>";
		};
		96FE2DFC19ABEB6B0017982B /* Touch */ = {
			isa = PBXGroup;
			children = (
				96FE2DFD19ABEB6B0017982B /* Touch-Prefix.pch */,
				96FE2DFF19ABEB6B0017982B /* Touch.h */,
				96FE2E0119ABEB6B0017982B /* Touch.m */,
			);
			path = Touch;
			sourceTree = "<group>";
		};
		96FE2E0819ABEB6B0017982B /* TouchTests */ = {
			isa = PBXGroup;
			children = (
				96FE2E0919ABEB6B0017982B /* Supporting Files */,
			);
			path = TouchTests;
			sourceTree = "<group>";
		};
		96FE2E0919ABEB6B0017982B /* Supporting Files */ = {
			isa = PBXGroup;
			children = (
				96FE2E0A19ABEB6B0017982B /* Info.plist */,
			);
			name = "Supporting Files";
			sourceTree = "<group>";
		};
/* End PBXGroup section */

/* Begin PBXHeadersBuildPhase section */
		96FE2DF419ABEB6B0017982B /* Headers */ = {
			isa = PBXHeadersBuildPhase;
			buildActionMask = 2147483647;
			files = (
				96FE2E0019ABEB6B0017982B /* Touch.h in Headers */,
				96FE2DFE19ABEB6B0017982B /* Touch-Prefix.pch in Headers */,
			);
			runOnlyForDeploymentPostprocessing = 0;
		};
/* End PBXHeadersBuildPhase section */

/* Begin PBXNativeTarget section */
		96FE2DF619ABEB6B0017982B /* Touch */ = {
			isa = PBXNativeTarget;
			buildConfigurationList = 96FE2E0D19ABEB6C0017982B /* Build configuration list for PBXNativeTarget "Touch" */;
			buildPhases = (
				96FE2DF119ABEB6B0017982B /* ShellScript */,
				96FE2DF219ABEB6B0017982B /* Sources */,
				96FE2DF319ABEB6B0017982B /* Frameworks */,
				96FE2DF419ABEB6B0017982B /* Headers */,
				96FE2DF519ABEB6B0017982B /* ShellScript */,
			);
			buildRules = (
			);
			dependencies = (
			);
			name = Touch;
			productName = Touch;
			productReference = 96FE2DF719ABEB6B0017982B /* libTouch.a */;
			productType = "com.apple.product-type.library.static";
		};
		96FE2E0619ABEB6B0017982B /* TouchTests */ = {
			isa = PBXNativeTarget;
			buildConfigurationList = 96FE2E1019ABEB6C0017982B /* Build configuration list for PBXNativeTarget "TouchTests" */;
			buildPhases = (
				96FE2E0319ABEB6B0017982B /* Sources */,
				96FE2E0419ABEB6B0017982B /* Frameworks */,
				96FE2E0519ABEB6B0017982B /* Resources */,
			);
			buildRules = (
			);
			dependencies = (
			);
			name = TouchTests;
			productName = TouchTests;
			productReference = 96FE2E0719ABEB6B0017982B /* TouchTests.xctest */;
			productType = "com.apple.product-type.bundle.unit-test";
		};
/* End PBXNativeTarget section */

/* Begin PBXProject section */
		96FE2DED19ABEB6B0017982B /* Project object */ = {
			isa = PBXProject;
			attributes = {
				LastUpgradeCheck = 0600;
				ORGANIZATIONNAME = Versa.io;
				TargetAttributes = {
					96FE2DF619ABEB6B0017982B = {
						CreatedOnToolsVersion = 6.0;
					};
					96FE2E0619ABEB6B0017982B = {
						CreatedOnToolsVersion = 6.0;
					};
				};
			};
			buildConfigurationList = 96FE2DF019ABEB6B0017982B /* Build configuration list for PBXProject "Touch" */;
			compatibilityVersion = "Xcode 3.2";
			developmentRegion = English;
			hasScannedForEncodings = 0;
			knownRegions = (
				en,
			);
			mainGroup = 96FE2DEC19ABEB6B0017982B;
			productRefGroup = 96FE2DF819ABEB6B0017982B /* Products */;
			projectDirPath = "";
			projectRoot = "";
			targets = (
				96FE2DF619ABEB6B0017982B /* Touch */,
				96FE2E0619ABEB6B0017982B /* TouchTests */,
			);
		};
/* End PBXProject section */

/* Begin PBXResourcesBuildPhase section */
		96FE2E0519ABEB6B0017982B /* Resources */ = {
			isa = PBXResourcesBuildPhase;
			buildActionMask = 2147483647;
			files = (
			);
			runOnlyForDeploymentPostprocessing = 0;
		};
/* End PBXResourcesBuildPhase section */

/* Begin PBXShellScriptBuildPhase section */
		96FE2DF119ABEB6B0017982B /* ShellScript */ = {
			isa = PBXShellScriptBuildPhase;
			buildActionMask = 2147483647;
			files = (
			);
			inputPaths = (
			);
			outputPaths = (
			);
			runOnlyForDeploymentPostprocessing = 0;
			shellPath = /bin/sh;
			shellScript = "set -e\n\nif [ \"$CALLED_FROM_MASTER\" ]\nthen\n# This is the other build, called from the original instance\nexit 0\nfi\n\n# Clean up prior to build\n\nCURRENTCONFIG_DEVICE_DIR=\"${SYMROOT}/${CONFIGURATION}-iphoneos\"\nCURRENTCONFIG_SIMULATOR_DIR=\"${SYMROOT}/${CONFIGURATION}-iphonesimulator\"\nCURRENTCONFIG_UNIVERSAL_DIR=\"${SYMROOT}/${CONFIGURATION}-universal\"\n\nif [ ! -f \"${CURRENTCONFIG_DEVICE_DIR}/${EXECUTABLE_NAME}\" ]; then\n  echo \"Device build cleaned; cleaning other builds too\"\n  rm -f \"${CURRENTCONFIG_SIMULATOR_DIR}/${EXECUTABLE_NAME}\" \n  rm -f \"${CURRENTCONFIG_UNIVERSAL_DIR}/${EXECUTABLE_NAME}\"\nelif [ ! -f \"${CURRENTCONFIG_SIMULATOR_DIR}/${EXECUTABLE_NAME}\" ]; then\n  echo \"Simulator build cleaned; cleaning other builds too\"\n  rm -f \"${CURRENTCONFIG_DEVICE_DIR}/${EXECUTABLE_NAME}\"\n  rm -f \"${CURRENTCONFIG_UNIVERSAL_DIR}/${EXECUTABLE_NAME}\"\nfi\n";
			showEnvVarsInLog = 0;
		};
		96FE2DF519ABEB6B0017982B /* ShellScript */ = {
			isa = PBXShellScriptBuildPhase;
			buildActionMask = 2147483647;
			files = (
			);
			inputPaths = (
			);
			outputPaths = (
			);
			runOnlyForDeploymentPostprocessing = 0;
			shellPath = /bin/sh;
			shellScript = "set -e\n\n#\n# Universal static library script\n# http://github.com/michaeltyson/iOS-Universal-Library-Template\n#\n# Version 2.5\n#\n# Purpose:\n#   Create a static library for iPhone from within XCode\n#\n# Author: Adam Martin - http://twitter.com/redglassesapps\n# Tweaked and made into an Xcode template by Michael Tyson - http://atastypixel.com/blog\n# Based on original script from Eonil\n# More info: see this Stack Overflow question: http://stackoverflow.com/questions/3520977/build-fat-static-library-device-simulator-using-xcode-and-sdk-4\n# Additional changes by John Lawson <http://jelawson.com> to copy the CURRENTCONFIG_DEVICE_DIR to the CURRENTCONFIG_UNIVERSAL_DIR instead of creating it\n# to include other files that might have been copied via Copy Files build phases (e.g. readme files, xibs, etc); this removes the need to copy just\n# the header folder.\n#\n#################[ Tests: helps workaround any future bugs in Xcode ]########\n#\nDEBUG_THIS_SCRIPT=\"true\"\n\nif [ $DEBUG_THIS_SCRIPT = \"true\" ]\nthen\necho \"########### TESTS #############\"\necho \"Use the following variables when debugging this script; note that they may change on recursions\"\necho \"BUILD_DIR = $BUILD_DIR\"\necho \"BUILD_ROOT = $BUILD_ROOT\"\necho \"CONFIGURATION_BUILD_DIR = $CONFIGURATION_BUILD_DIR\"\necho \"BUILT_PRODUCTS_DIR = $BUILT_PRODUCTS_DIR\"\necho \"CONFIGURATION_TEMP_DIR = $CONFIGURATION_TEMP_DIR\"\necho \"TARGET_BUILD_DIR = $TARGET_BUILD_DIR\"\nfi\n\nif [ \"$CALLED_FROM_MASTER\" ]\nthen\n# This is the other build, called from the original instance\nexit 0\nfi\n\n# Find the BASESDK version number\nSDK_VERSION=$(echo ${SDK_NAME} | grep -o '.\\{3\\}$')\n\n# Next, work out if we're in SIM or DEVICE\nif [ ${PLATFORM_NAME} = \"iphonesimulator\" ]\nthen\nOTHER_SDK_TO_BUILD=iphoneos${SDK_VERSION}\nelse\nOTHER_SDK_TO_BUILD=iphonesimulator${SDK_VERSION}\nfi\n\necho \"XCode has selected SDK: ${PLATFORM_NAME} with version: ${SDK_VERSION} (although back-targetting: ${IPHONEOS_DEPLOYMENT_TARGET})\"\necho \"...therefore, OTHER_SDK_TO_BUILD = ${OTHER_SDK_TO_BUILD}\"\n\n# Build the other architecture\necho \"xcodebuild -project \\\"${PROJECT_FILE_PATH}\\\" -configuration \\\"${CONFIGURATION}\\\" -target \\\"${TARGET_NAME}\\\" -sdk \\\"${OTHER_SDK_TO_BUILD}\\\" ${ACTION} RUN_CLANG_STATIC_ANALYZER=NO BUILD_DIR=\\\"${BUILD_DIR}\\\" BUILD_ROOT=\\\"${BUILD_ROOT}\\\" CALLED_FROM_MASTER=1\"\nxcodebuild -project \"${PROJECT_FILE_PATH}\" -configuration \"${CONFIGURATION}\" -target \"${TARGET_NAME}\" -sdk \"${OTHER_SDK_TO_BUILD}\" ${ACTION} RUN_CLANG_STATIC_ANALYZER=NO BUILD_DIR=\"${BUILD_DIR}\" BUILD_ROOT=\"${BUILD_ROOT}\" CALLED_FROM_MASTER=1\n\n# Merge built architectures\nCURRENTCONFIG_DEVICE_DIR=\"${SYMROOT}/${CONFIGURATION}-iphoneos\"\nCURRENTCONFIG_SIMULATOR_DIR=\"${SYMROOT}/${CONFIGURATION}-iphonesimulator\"\nCURRENTCONFIG_UNIVERSAL_DIR=\"${SYMROOT}/${CONFIGURATION}-universal\"\n\necho \"Taking device build from: ${CURRENTCONFIG_DEVICE_DIR}\"\necho \"Taking simulator build from: ${CURRENTCONFIG_SIMULATOR_DIR}\"\necho \"...I will output a universal build to: ${CURRENTCONFIG_UNIVERSAL_DIR}\"\n\nif [ ! -e \"${CURRENTCONFIG_UNIVERSAL_DIR}/${EXECUTABLE_NAME}\" -o \\\n\"${CURRENTCONFIG_DEVICE_DIR}/${EXECUTABLE_NAME}\" -nt \"${CURRENTCONFIG_UNIVERSAL_DIR}/${EXECUTABLE_NAME}\" -o \\\n\"${CURRENTCONFIG_SIMULATOR_DIR}/${EXECUTABLE_NAME}\" -nt \"${CURRENTCONFIG_UNIVERSAL_DIR}/${EXECUTABLE_NAME}\" ]\nthen\nrm -rf \"${CURRENTCONFIG_UNIVERSAL_DIR}\"\ncp -R \"${CURRENTCONFIG_DEVICE_DIR}\" \"${CURRENTCONFIG_UNIVERSAL_DIR}\"\nrm -f \"${CURRENTCONFIG_UNIVERSAL_DIR}/${EXECUTABLE_NAME}\"\n\necho \"lipo: for current configuration (${CONFIGURATION}) creating output file: ${CURRENTCONFIG_UNIVERSAL_DIR}/${EXECUTABLE_NAME}\"\nlipo -create -output \"${CURRENTCONFIG_UNIVERSAL_DIR}/${EXECUTABLE_NAME}\" \"${CURRENTCONFIG_DEVICE_DIR}/${EXECUTABLE_NAME}\" \"${CURRENTCONFIG_SIMULATOR_DIR}/${EXECUTABLE_NAME}\"\n\necho \"Copying universal build back over to ${CURRENTCONFIG_DEVICE_DIR} and ${CURRENTCONFIG_SIMULATOR_DIR}\"\ncp \"${CURRENTCONFIG_UNIVERSAL_DIR}/${EXECUTABLE_NAME}\" \"${CURRENTCONFIG_DEVICE_DIR}/${EXECUTABLE_NAME}\"\ncp \"${CURRENTCONFIG_UNIVERSAL_DIR}/${EXECUTABLE_NAME}\" \"${CURRENTCONFIG_SIMULATOR_DIR}/${EXECUTABLE_NAME}\"\ntouch \"${CURRENTCONFIG_UNIVERSAL_DIR}/${EXECUTABLE_NAME}\"\n\nelse\necho \"Everything up to date.\"\nfi\n";
			showEnvVarsInLog = 0;
		};
/* End PBXShellScriptBuildPhase section */

/* Begin PBXSourcesBuildPhase section */
		96FE2DF219ABEB6B0017982B /* Sources */ = {
			isa = PBXSourcesBuildPhase;
			buildActionMask = 2147483647;
			files = (
				96FE2E0219ABEB6B0017982B /* Touch.m in Sources */,
			);
			runOnlyForDeploymentPostprocessing = 0;
		};
		96FE2E0319ABEB6B0017982B /* Sources */ = {
			isa = PBXSourcesBuildPhase;
			buildActionMask = 2147483647;
			files = (
			);
			runOnlyForDeploymentPostprocessing = 0;
		};
/* End PBXSourcesBuildPhase section */

/* Begin XCBuildConfiguration section */
		96FE2E0B19ABEB6C0017982B /* Debug */ = {
			isa = XCBuildConfiguration;
			buildSettings = {
				ALWAYS_SEARCH_USER_PATHS = NO;
				CLANG_CXX_LANGUAGE_STANDARD = "gnu++0x";
				CLANG_CXX_LIBRARY = "libc++";
				CLANG_ENABLE_MODULES = YES;
				CLANG_ENABLE_OBJC_ARC = YES;
				CLANG_WARN_BOOL_CONVERSION = YES;
				CLANG_WARN_CONSTANT_CONVERSION = YES;
				CLANG_WARN_DIRECT_OBJC_ISA_USAGE = YES_ERROR;
				CLANG_WARN_EMPTY_BODY = YES;
				CLANG_WARN_ENUM_CONVERSION = YES;
				CLANG_WARN_INT_CONVERSION = YES;
				CLANG_WARN_OBJC_ROOT_CLASS = YES_ERROR;
				CLANG_WARN_UNREACHABLE_CODE = YES;
				CLANG_WARN__DUPLICATE_METHOD_MATCH = YES;
				COPY_PHASE_STRIP = NO;
				ENABLE_STRICT_OBJC_MSGSEND = YES;
				GCC_C_LANGUAGE_STANDARD = gnu99;
				GCC_DYNAMIC_NO_PIC = NO;
				GCC_OPTIMIZATION_LEVEL = 0;
				GCC_PREPROCESSOR_DEFINITIONS = (
					"DEBUG=1",
					"$(inherited)",
				);
				GCC_SYMBOLS_PRIVATE_EXTERN = NO;
				GCC_WARN_64_TO_32_BIT_CONVERSION = YES;
				GCC_WARN_ABOUT_RETURN_TYPE = YES_ERROR;
				GCC_WARN_UNDECLARED_SELECTOR = YES;
				GCC_WARN_UNINITIALIZED_AUTOS = YES_AGGRESSIVE;
				GCC_WARN_UNUSED_FUNCTION = YES;
				GCC_WARN_UNUSED_VARIABLE = YES;
				IPHONEOS_DEPLOYMENT_TARGET = 6.0;
				MTL_ENABLE_DEBUG_INFO = YES;
				ONLY_ACTIVE_ARCH = YES;
				SUPPORTED_PLATFORMS = "iphonesimulator iphoneos";
			};
			name = Debug;
		};
		96FE2E0C19ABEB6C0017982B /* Release */ = {
			isa = XCBuildConfiguration;
			buildSettings = {
				ALWAYS_SEARCH_USER_PATHS = NO;
				CLANG_CXX_LANGUAGE_STANDARD = "gnu++0x";
				CLANG_CXX_LIBRARY = "libc++";
				CLANG_ENABLE_MODULES = YES;
				CLANG_ENABLE_OBJC_ARC = YES;
				CLANG_WARN_BOOL_CONVERSION = YES;
				CLANG_WARN_CONSTANT_CONVERSION = YES;
				CLANG_WARN_DIRECT_OBJC_ISA_USAGE = YES_ERROR;
				CLANG_WARN_EMPTY_BODY = YES;
				CLANG_WARN_ENUM_CONVERSION = YES;
				CLANG_WARN_INT_CONVERSION = YES;
				CLANG_WARN_OBJC_ROOT_CLASS = YES_ERROR;
				CLANG_WARN_UNREACHABLE_CODE = YES;
				CLANG_WARN__DUPLICATE_METHOD_MATCH = YES;
				COPY_PHASE_STRIP = YES;
				ENABLE_NS_ASSERTIONS = NO;
				ENABLE_STRICT_OBJC_MSGSEND = YES;
				GCC_C_LANGUAGE_STANDARD = gnu99;
				GCC_WARN_64_TO_32_BIT_CONVERSION = YES;
				GCC_WARN_ABOUT_RETURN_TYPE = YES_ERROR;
				GCC_WARN_UNDECLARED_SELECTOR = YES;
				GCC_WARN_UNINITIALIZED_AUTOS = YES_AGGRESSIVE;
				GCC_WARN_UNUSED_FUNCTION = YES;
				GCC_WARN_UNUSED_VARIABLE = YES;
				IPHONEOS_DEPLOYMENT_TARGET = 6.0;
				MTL_ENABLE_DEBUG_INFO = NO;
				SUPPORTED_PLATFORMS = "iphonesimulator iphoneos";
			};
			name = Release;
		};
		96FE2E0E19ABEB6C0017982B /* Debug */ = {
			isa = XCBuildConfiguration;
			buildSettings = {
				ARCHS = "$(ARCHS_STANDARD_32_BIT)";
				DSTROOT = /tmp/Touch.dst;
				GCC_PRECOMPILE_PREFIX_HEADER = YES;
				GCC_PREFIX_HEADER = "Touch/Touch-Prefix.pch";
				PRODUCT_NAME = "$(TARGET_NAME)";
				SKIP_INSTALL = YES;
			};
			name = Debug;
		};
		96FE2E0F19ABEB6C0017982B /* Release */ = {
			isa = XCBuildConfiguration;
			buildSettings = {
				ARCHS = "$(ARCHS_STANDARD_32_BIT)";
				DSTROOT = /tmp/Touch.dst;
				GCC_PRECOMPILE_PREFIX_HEADER = YES;
				GCC_PREFIX_HEADER = "Touch/Touch-Prefix.pch";
				PRODUCT_NAME = "$(TARGET_NAME)";
				SKIP_INSTALL = YES;
			};
			name = Release;
		};
		96FE2E1119ABEB6C0017982B /* Debug */ = {
			isa = XCBuildConfiguration;
			buildSettings = {
				FRAMEWORK_SEARCH_PATHS = (
					"$(SDKROOT)/Developer/Library/Frameworks",
					"$(inherited)",
				);
				GCC_PREPROCESSOR_DEFINITIONS = (
					"DEBUG=1",
					"$(inherited)",
				);
				INFOPLIST_FILE = TouchTests/Info.plist;
				IPHONEOS_DEPLOYMENT_TARGET = 8.0;
				LD_RUNPATH_SEARCH_PATHS = "$(inherited) @executable_path/Frameworks @loader_path/Frameworks";
				PRODUCT_NAME = "$(TARGET_NAME)";
				SDKROOT = iphoneos;
			};
			name = Debug;
		};
		96FE2E1219ABEB6C0017982B /* Release */ = {
			isa = XCBuildConfiguration;
			buildSettings = {
				FRAMEWORK_SEARCH_PATHS = (
					"$(SDKROOT)/Developer/Library/Frameworks",
					"$(inherited)",
				);
				INFOPLIST_FILE = TouchTests/Info.plist;
				IPHONEOS_DEPLOYMENT_TARGET = 8.0;
				LD_RUNPATH_SEARCH_PATHS = "$(inherited) @executable_path/Frameworks @loader_path/Frameworks";
				PRODUCT_NAME = "$(TARGET_NAME)";
				SDKROOT = iphoneos;
				VALIDATE_PRODUCT = YES;
			};
			name = Release;
		};
/* End XCBuildConfiguration section */

/* Begin XCConfigurationList section */
		96FE2DF019ABEB6B0017982B /* Build configuration list for PBXProject "Touch" */ = {
			isa = XCConfigurationList;
			buildConfigurations = (
				96FE2E0B19ABEB6C0017982B /* Debug */,
				96FE2E0C19ABEB6C0017982B /* Release */,
			);
			defaultConfigurationIsVisible = 0;
			defaultConfigurationName = Release;
		};
		96FE2E0D19ABEB6C0017982B /* Build configuration list for PBXNativeTarget "Touch" */ = {
			isa = XCConfigurationList;
			buildConfigurations = (
				96FE2E0E19ABEB6C0017982B /* Debug */,
				96FE2E0F19ABEB6C0017982B /* Release */,
			);
			defaultConfigurationIsVisible = 0;
			defaultConfigurationName = Release;
		};
		96FE2E1019ABEB6C0017982B /* Build configuration list for PBXNativeTarget "TouchTests" */ = {
			isa = XCConfigurationList;
			buildConfigurations = (
				96FE2E1119ABEB6C0017982B /* Debug */,
				96FE2E1219ABEB6C0017982B /* Release */,
			);
			defaultConfigurationIsVisible = 0;
			defaultConfigurationName = Release;
		};
/* End XCConfigurationList section */
	};
	rootObject = 96FE2DED19ABEB6B0017982B /* Project object */;
}
